// !$*UTF8*$!
{
	archiveVersion = 1;
	classes = {
	};
	objectVersion = 50;
	objects = {

/* Begin PBXBuildFile section */
		300F7A7723FD53D1006DC391 /* AppDelegate.swift in Sources */ = {isa = PBXBuildFile; fileRef = 300F7A7623FD53D1006DC391 /* AppDelegate.swift */; };
		300F7A7923FD53D1006DC391 /* SceneDelegate.swift in Sources */ = {isa = PBXBuildFile; fileRef = 300F7A7823FD53D1006DC391 /* SceneDelegate.swift */; };
		300F7A7B23FD53D1006DC391 /* ContentView.swift in Sources */ = {isa = PBXBuildFile; fileRef = 300F7A7A23FD53D1006DC391 /* ContentView.swift */; };
		300F7A7D23FD53D3006DC391 /* Assets.xcassets in Resources */ = {isa = PBXBuildFile; fileRef = 300F7A7C23FD53D3006DC391 /* Assets.xcassets */; };
		300F7A8023FD53D3006DC391 /* Preview Assets.xcassets in Resources */ = {isa = PBXBuildFile; fileRef = 300F7A7F23FD53D3006DC391 /* Preview Assets.xcassets */; };
		300F7A8323FD53D3006DC391 /* LaunchScreen.storyboard in Resources */ = {isa = PBXBuildFile; fileRef = 300F7A8123FD53D3006DC391 /* LaunchScreen.storyboard */; };
/* End PBXBuildFile section */

/* Begin PBXFileReference section */
		300F7A7323FD53D1006DC391 /* TODOList.app */ = {isa = PBXFileReference; explicitFileType = wrapper.application; includeInIndex = 0; path = TODOList.app; sourceTree = BUILT_PRODUCTS_DIR; };
		300F7A7623FD53D1006DC391 /* AppDelegate.swift */ = {isa = PBXFileReference; lastKnownFileType = sourcecode.swift; path = AppDelegate.swift; sourceTree = "<group>"; };
		300F7A7823FD53D1006DC391 /* SceneDelegate.swift */ = {isa = PBXFileReference; lastKnownFileType = sourcecode.swift; path = SceneDelegate.swift; sourceTree = "<group>"; };
		300F7A7A23FD53D1006DC391 /* ContentView.swift */ = {isa = PBXFileReference; lastKnownFileType = sourcecode.swift; path = ContentView.swift; sourceTree = "<group>"; };
		300F7A7C23FD53D3006DC391 /* Assets.xcassets */ = {isa = PBXFileReference; lastKnownFileType = folder.assetcatalog; path = Assets.xcassets; sourceTree = "<group>"; };
		300F7A7F23FD53D3006DC391 /* Preview Assets.xcassets */ = {isa = PBXFileReference; lastKnownFileType = folder.assetcatalog; path = "Preview Assets.xcassets"; sourceTree = "<group>"; };
		300F7A8223FD53D3006DC391 /* Base */ = {isa = PBXFileReference; lastKnownFileType = file.storyboard; name = Base; path = Base.lproj/LaunchScreen.storyboard; sourceTree = "<group>"; };
		300F7A8423FD53D3006DC391 /* Info.plist */ = {isa = PBXFileReference; lastKnownFileType = text.plist.xml; path = Info.plist; sourceTree = "<group>"; };
/* End PBXFileReference section */

/* Begin PBXFrameworksBuildPhase section */
		300F7A7023FD53D1006DC391 /* Frameworks */ = {
			isa = PBXFrameworksBuildPhase;
			buildActionMask = 2147483647;
			files = (
			);
			runOnlyForDeploymentPostprocessing = 0;
		};
/* End PBXFrameworksBuildPhase section */

/* Begin PBXGroup section */
		300F7A6A23FD53D1006DC391 = {
			isa = PBXGroup;
			children = (
				300F7A7523FD53D1006DC391 /* TODOList */,
				300F7A7423FD53D1006DC391 /* Products */,
			);
			sourceTree = "<group>";
		};
		300F7A7423FD53D1006DC391 /* Products */ = {
			isa = PBXGroup;
			children = (
				300F7A7323FD53D1006DC391 /* TODOList.app */,
			);
			name = Products;
			sourceTree = "<group>";
		};
		300F7A7523FD53D1006DC391 /* TODOList */ = {
			isa = PBXGroup;
			children = (
				300F7A7623FD53D1006DC391 /* AppDelegate.swift */,
				300F7A7823FD53D1006DC391 /* SceneDelegate.swift */,
				300F7A7A23FD53D1006DC391 /* ContentView.swift */,
				300F7A7C23FD53D3006DC391 /* Assets.xcassets */,
				300F7A8123FD53D3006DC391 /* LaunchScreen.storyboard */,
				300F7A8423FD53D3006DC391 /* Info.plist */,
				300F7A7E23FD53D3006DC391 /* Preview Content */,
			);
			path = TODOList;
			sourceTree = "<group>";
		};
		300F7A7E23FD53D3006DC391 /* Preview Content */ = {
			isa = PBXGroup;
			children = (
				300F7A7F23FD53D3006DC391 /* Preview Assets.xcassets */,
			);
			path = "Preview Content";
			sourceTree = "<group>";
		};
/* End PBXGroup section */

/* Begin PBXNativeTarget section */
		300F7A7223FD53D1006DC391 /* TODOList */ = {
			isa = PBXNativeTarget;
			buildConfigurationList = 300F7A8723FD53D3006DC391 /* Build configuration list for PBXNativeTarget "TODOList" */;
			buildPhases = (
				300F7A6F23FD53D1006DC391 /* Sources */,
				300F7A7023FD53D1006DC391 /* Frameworks */,
				300F7A7123FD53D1006DC391 /* Resources */,
			);
			buildRules = (
			);
			dependencies = (
			);
			name = TODOList;
			productName = TODOList;
			productReference = 300F7A7323FD53D1006DC391 /* TODOList.app */;
			productType = "com.apple.product-type.application";
		};
/* End PBXNativeTarget section */

/* Begin PBXProject section */
		300F7A6B23FD53D1006DC391 /* Project object */ = {
			isa = PBXProject;
			attributes = {
				LastSwiftUpdateCheck = 1130;
				LastUpgradeCheck = 1130;
				ORGANIZATIONNAME = APPIWEDIA;
				TargetAttributes = {
					300F7A7223FD53D1006DC391 = {
						CreatedOnToolsVersion = 11.3.1;
					};
				};
			};
			buildConfigurationList = 300F7A6E23FD53D1006DC391 /* Build configuration list for PBXProject "TODOList" */;
			compatibilityVersion = "Xcode 9.3";
			developmentRegion = en;
			hasScannedForEncodings = 0;
			knownRegions = (
				en,
				Base,
			);
			mainGroup = 300F7A6A23FD53D1006DC391;
			productRefGroup = 300F7A7423FD53D1006DC391 /* Products */;
			projectDirPath = "";
			projectRoot = "";
			targets = (
				300F7A7223FD53D1006DC391 /* TODOList */,
			);
		};
/* End PBXProject section */

/* Begin PBXResourcesBuildPhase section */
		300F7A7123FD53D1006DC391 /* Resources */ = {
			isa = PBXResourcesBuildPhase;
			buildActionMask = 2147483647;
			files = (
				300F7A8323FD53D3006DC391 /* LaunchScreen.storyboard in Resources */,
				300F7A8023FD53D3006DC391 /* Preview Assets.xcassets in Resources */,
				300F7A7D23FD53D3006DC391 /* Assets.xcassets in Resources */,
			);
			runOnlyForDeploymentPostprocessing = 0;
		};
/* End PBXResourcesBuildPhase section */

/* Begin PBXSourcesBuildPhase section */
		300F7A6F23FD53D1006DC391 /* Sources */ = {
			isa = PBXSourcesBuildPhase;
			buildActionMask = 2147483647;
			files = (
				300F7A7723FD53D1006DC391 /* AppDelegate.swift in Sources */,
				300F7A7923FD53D1006DC391 /* SceneDelegate.swift in Sources */,
				300F7A7B23FD53D1006DC391 /* ContentView.swift in Sources */,
			);
			runOnlyForDeploymentPostprocessing = 0;
		};
/* End PBXSourcesBuildPhase section */

/* Begin PBXVariantGroup section */
		300F7A8123FD53D3006DC391 /* LaunchScreen.storyboard */ = {
			isa = PBXVariantGroup;
			children = (
				300F7A8223FD53D3006DC391 /* Base */,
			);
			name = LaunchScreen.storyboard;
			sourceTree = "<group>";
		};
/* End PBXVariantGroup section */

/* Begin XCBuildConfiguration section */
		300F7A8523FD53D3006DC391 /* Debug */ = {
			isa = XCBuildConfiguration;
			buildSettings = {
				ALWAYS_SEARCH_USER_PATHS = NO;
				CLANG_ANALYZER_NONNULL = YES;
				CLANG_ANALYZER_NUMBER_OBJECT_CONVERSION = YES_AGGRESSIVE;
				CLANG_CXX_LANGUAGE_STANDARD = "gnu++14";
				CLANG_CXX_LIBRARY = "libc++";
				CLANG_ENABLE_MODULES = YES;
				CLANG_ENABLE_OBJC_ARC = YES;
				CLANG_ENABLE_OBJC_WEAK = YES;
				CLANG_WARN_BLOCK_CAPTURE_AUTORELEASING = YES;
				CLANG_WARN_BOOL_CONVERSION = YES;
				CLANG_WARN_COMMA = YES;
				CLANG_WARN_CONSTANT_CONVERSION = YES;
				CLANG_WARN_DEPRECATED_OBJC_IMPLEMENTATIONS = YES;
				CLANG_WARN_DIRECT_OBJC_ISA_USAGE = YES_ERROR;
				CLANG_WARN_DOCUMENTATION_COMMENTS = YES;
				CLANG_WARN_EMPTY_BODY = YES;
				CLANG_WARN_ENUM_CONVERSION = YES;
				CLANG_WARN_INFINITE_RECURSION = YES;
				CLANG_WARN_INT_CONVERSION = YES;
				CLANG_WARN_NON_LITERAL_NULL_CONVERSION = YES;
				CLANG_WARN_OBJC_IMPLICIT_RETAIN_SELF = YES;
				CLANG_WARN_OBJC_LITERAL_CONVERSION = YES;
				CLANG_WARN_OBJC_ROOT_CLASS = YES_ERROR;
				CLANG_WARN_RANGE_LOOP_ANALYSIS = YES;
				CLANG_WARN_STRICT_PROTOTYPES = YES;
				CLANG_WARN_SUSPICIOUS_MOVE = YES;
				CLANG_WARN_UNGUARDED_AVAILABILITY = YES_AGGRESSIVE;
				CLANG_WARN_UNREACHABLE_CODE = YES;
				CLANG_WARN__DUPLICATE_METHOD_MATCH = YES;
				COPY_PHASE_STRIP = NO;
				DEBUG_INFORMATION_FORMAT = dwarf;
				ENABLE_STRICT_OBJC_MSGSEND = YES;
				ENABLE_TESTABILITY = YES;
				GCC_C_LANGUAGE_STANDARD = gnu11;
				GCC_DYNAMIC_NO_PIC = NO;
				GCC_NO_COMMON_BLOCKS = YES;
				GCC_OPTIMIZATION_LEVEL = 0;
				GCC_PREPROCESSOR_DEFINITIONS = (
					"DEBUG=1",
					"$(inherited)",
				);
				GCC_WARN_64_TO_32_BIT_CONVERSION = YES;
				GCC_WARN_ABOUT_RETURN_TYPE = YES_ERROR;
				GCC_WARN_UNDECLARED_SELECTOR = YES;
				GCC_WARN_UNINITIALIZED_AUTOS = YES_AGGRESSIVE;
				GCC_WARN_UNUSED_FUNCTION = YES;
				GCC_WARN_UNUSED_VARIABLE = YES;
				IPHONEOS_DEPLOYMENT_TARGET = 13.2;
				MTL_ENABLE_DEBUG_INFO = INCLUDE_SOURCE;
				MTL_FAST_MATH = YES;
				ONLY_ACTIVE_ARCH = YES;
				SDKROOT = iphoneos;
				SWIFT_ACTIVE_COMPILATION_CONDITIONS = DEBUG;
				SWIFT_OPTIMIZATION_LEVEL = "-Onone";
			};
			name = Debug;
		};
		300F7A8623FD53D3006DC391 /* Release */ = {
			isa = XCBuildConfiguration;
			buildSettings = {
				ALWAYS_SEARCH_USER_PATHS = NO;
				CLANG_ANALYZER_NONNULL = YES;
				CLANG_ANALYZER_NUMBER_OBJECT_CONVERSION = YES_AGGRESSIVE;
				CLANG_CXX_LANGUAGE_STANDARD = "gnu++14";
				CLANG_CXX_LIBRARY = "libc++";
				CLANG_ENABLE_MODULES = YES;
				CLANG_ENABLE_OBJC_ARC = YES;
				CLANG_ENABLE_OBJC_WEAK = YES;
				CLANG_WARN_BLOCK_CAPTURE_AUTORELEASING = YES;
				CLANG_WARN_BOOL_CONVERSION = YES;
				CLANG_WARN_COMMA = YES;
				CLANG_WARN_CONSTANT_CONVERSION = YES;
				CLANG_WARN_DEPRECATED_OBJC_IMPLEMENTATIONS = YES;
				CLANG_WARN_DIRECT_OBJC_ISA_USAGE = YES_ERROR;
				CLANG_WARN_DOCUMENTATION_COMMENTS = YES;
				CLANG_WARN_EMPTY_BODY = YES;
				CLANG_WARN_ENUM_CONVERSION = YES;
				CLANG_WARN_INFINITE_RECURSION = YES;
				CLANG_WARN_INT_CONVERSION = YES;
				CLANG_WARN_NON_LITERAL_NULL_CONVERSION = YES;
				CLANG_WARN_OBJC_IMPLICIT_RETAIN_SELF = YES;
				CLANG_WARN_OBJC_LITERAL_CONVERSION = YES;
				CLANG_WARN_OBJC_ROOT_CLASS = YES_ERROR;
				CLANG_WARN_RANGE_LOOP_ANALYSIS = YES;
				CLANG_WARN_STRICT_PROTOTYPES = YES;
				CLANG_WARN_SUSPICIOUS_MOVE = YES;
				CLANG_WARN_UNGUARDED_AVAILABILITY = YES_AGGRESSIVE;
				CLANG_WARN_UNREACHABLE_CODE = YES;
				CLANG_WARN__DUPLICATE_METHOD_MATCH = YES;
				COPY_PHASE_STRIP = NO;
				DEBUG_INFORMATION_FORMAT = "dwarf-with-dsym";
				ENABLE_NS_ASSERTIONS = NO;
				ENABLE_STRICT_OBJC_MSGSEND = YES;
				GCC_C_LANGUAGE_STANDARD = gnu11;
				GCC_NO_COMMON_BLOCKS = YES;
				GCC_WARN_64_TO_32_BIT_CONVERSION = YES;
				GCC_WARN_ABOUT_RETURN_TYPE = YES_ERROR;
				GCC_WARN_UNDECLARED_SELECTOR = YES;
				GCC_WARN_UNINITIALIZED_AUTOS = YES_AGGRESSIVE;
				GCC_WARN_UNUSED_FUNCTION = YES;
				GCC_WARN_UNUSED_VARIABLE = YES;
				IPHONEOS_DEPLOYMENT_TARGET = 13.2;
				MTL_ENABLE_DEBUG_INFO = NO;
				MTL_FAST_MATH = YES;
				SDKROOT = iphoneos;
				SWIFT_COMPILATION_MODE = wholemodule;
				SWIFT_OPTIMIZATION_LEVEL = "-O";
				VALIDATE_PRODUCT = YES;
			};
			name = Release;
		};
		300F7A8823FD53D3006DC391 /* Debug */ = {
			isa = XCBuildConfiguration;
			buildSettings = {
				ASSETCATALOG_COMPILER_APPICON_NAME = AppIcon;
				CODE_SIGN_STYLE = Automatic;
				DEVELOPMENT_ASSET_PATHS = "\"TODOList/Preview Content\"";
				DEVELOPMENT_TEAM = 7AZ93CK4F6;
				ENABLE_PREVIEWS = YES;
				INFOPLIST_FILE = TODOList/Info.plist;
				LD_RUNPATH_SEARCH_PATHS = (
					"$(inherited)",
					"@executable_path/Frameworks",
				);
				PRODUCT_BUNDLE_IDENTIFIER = com.appiwedia.ios.TODOList;
				PRODUCT_NAME = "$(TARGET_NAME)";
				SWIFT_VERSION = 5.0;
				TARGETED_DEVICE_FAMILY = "1,2";
			};
			name = Debug;
		};
		300F7A8923FD53D3006DC391 /* Release */ = {
			isa = XCBuildConfiguration;
			buildSettings = {
				ASSETCATALOG_COMPILER_APPICON_NAME = AppIcon;
				CODE_SIGN_STYLE = Automatic;
				DEVELOPMENT_ASSET_PATHS = "\"TODOList/Preview Content\"";
				DEVELOPMENT_TEAM = 7AZ93CK4F6;
				ENABLE_PREVIEWS = YES;
				INFOPLIST_FILE = TODOList/Info.plist;
				LD_RUNPATH_SEARCH_PATHS = (
					"$(inherited)",
					"@executable_path/Frameworks",
				);
				PRODUCT_BUNDLE_IDENTIFIER = com.appiwedia.ios.TODOList;
				PRODUCT_NAME = "$(TARGET_NAME)";
				SWIFT_VERSION = 5.0;
				TARGETED_DEVICE_FAMILY = "1,2";
			};
			name = Release;
		};
/* End XCBuildConfiguration section */

/* Begin XCConfigurationList section */
		300F7A6E23FD53D1006DC391 /* Build configuration list for PBXProject "TODOList" */ = {
			isa = XCConfigurationList;
			buildConfigurations = (
				300F7A8523FD53D3006DC391 /* Debug */,
				300F7A8623FD53D3006DC391 /* Release */,
			);
			defaultConfigurationIsVisible = 0;
			defaultConfigurationName = Release;
		};
		300F7A8723FD53D3006DC391 /* Build configuration list for PBXNativeTarget "TODOList" */ = {
			isa = XCConfigurationList;
			buildConfigurations = (
				300F7A8823FD53D3006DC391 /* Debug */,
				300F7A8923FD53D3006DC391 /* Release */,
			);
			defaultConfigurationIsVisible = 0;
			defaultConfigurationName = Release;
		};
/* End XCConfigurationList section */
	};
	rootObject = 300F7A6B23FD53D1006DC391 /* Project object */;
}
